# THIS IS AN AUTOGENERATED FILE. DO NOT EDIT THIS FILE DIRECTLY.
# yarn lockfile v1


"@babel/generator@^7.0.0":
  version "7.9.5"
  resolved "https://registry.yarnpkg.com/@babel/generator/-/generator-7.9.5.tgz#27f0917741acc41e6eaaced6d68f96c3fa9afaf9"
  integrity sha512-GbNIxVB3ZJe3tLeDm1HSn2AhuD/mVcyLDpgtLXa5tplmWrJdF/elxB56XNqCuD6szyNkDi6wuoKXln3QeBmCHQ==
  dependencies:
    "@babel/types" "^7.9.5"
    jsesc "^2.5.1"
    lodash "^4.17.13"
    source-map "^0.5.0"

"@babel/helper-module-imports@^7.8.3":
  version "7.10.4"
  resolved "https://registry.yarnpkg.com/@babel/helper-module-imports/-/helper-module-imports-7.10.4.tgz#4c5c54be04bd31670a7382797d75b9fa2e5b5620"
  integrity sha512-nEQJHqYavI217oD9+s5MUBzk6x1IlvoS9WTPfgG43CbMEeStE0v+r+TucWdx8KFGowPGvyOkDT9+7DHedIDnVw==
  dependencies:
    "@babel/types" "^7.10.4"

"@babel/helper-validator-identifier@^7.10.4":
  version "7.10.4"
  resolved "https://registry.yarnpkg.com/@babel/helper-validator-identifier/-/helper-validator-identifier-7.10.4.tgz#a78c7a7251e01f616512d31b10adcf52ada5e0d2"
  integrity sha512-3U9y+43hz7ZM+rzG24Qe2mufW5KhvFg/NhnNph+i9mgCtdTCtMJuI1TMkrIUiK7Ix4PYlRF9I5dhqaLYA/ADXw==

"@babel/helper-validator-identifier@^7.9.5":
  version "7.9.5"
  resolved "https://registry.yarnpkg.com/@babel/helper-validator-identifier/-/helper-validator-identifier-7.9.5.tgz#90977a8e6fbf6b431a7dc31752eee233bf052d80"
  integrity sha512-/8arLKUFq882w4tWGj9JYzRpAlZgiWUJ+dtteNTDqrRBz9Iguck9Rn3ykuBDoUwh2TO4tSAJlrxDUOXWklJe4g==

"@babel/types@^7.10.4":
  version "7.10.5"
  resolved "https://registry.yarnpkg.com/@babel/types/-/types-7.10.5.tgz#d88ae7e2fde86bfbfe851d4d81afa70a997b5d15"
  integrity sha512-ixV66KWfCI6GKoA/2H9v6bQdbfXEwwpOdQ8cRvb4F+eyvhlaHxWFMQB4+3d9QFJXZsiiiqVrewNV0DFEQpyT4Q==
  dependencies:
    "@babel/helper-validator-identifier" "^7.10.4"
    lodash "^4.17.19"
    to-fast-properties "^2.0.0"

"@babel/types@^7.9.5":
  version "7.9.5"
  resolved "https://registry.yarnpkg.com/@babel/types/-/types-7.9.5.tgz#89231f82915a8a566a703b3b20133f73da6b9444"
  integrity sha512-XjnvNqenk818r5zMaba+sLQjnbda31UfUURv3ei0qPQw4u+j2jMyJ5b11y8ZHYTRSI3NnInQkkkRT4fLqqPdHg==
  dependencies:
    "@babel/helper-validator-identifier" "^7.9.5"
    lodash "^4.17.13"
    to-fast-properties "^2.0.0"

fp-ts-contrib@^0.1.15:
  version "0.1.17"
  resolved "https://registry.yarnpkg.com/fp-ts-contrib/-/fp-ts-contrib-0.1.17.tgz#208ff83b2b457c61f458016e324ff95a5671c0c1"
  integrity sha512-UBQ7AdGp0GktLkIn3e6npVIfLm1ZM+racizgVqL88j6HBLBoBjRtVjIxRIS6YbNypuP94ngaZpy2SEib9lnZ9A==

fp-ts@^2.5.3:
  version "2.5.3"
  resolved "https://registry.yarnpkg.com/fp-ts/-/fp-ts-2.5.3.tgz#7f09cc7f3e09623c6ade303d98a2cccdb2cc861f"
  integrity sha512-lQd+hahLd8cygNoXbEHDjH/cbF6XVWlEPb8h5GXXlozjCSDxWgclvkpOoTRfBA0P+r69l9VvW1nEsSGIJRQpWw==

jsesc@^2.5.1:
  version "2.5.2"
  resolved "https://registry.yarnpkg.com/jsesc/-/jsesc-2.5.2.tgz#80564d2e483dacf6e8ef209650a67df3f0c283a4"
  integrity sha512-OYu7XEzjkCQ3C5Ps3QIZsQfNpqoJyZZA99wd9aWd05NCtC5pWOkShK2mkL6HXQR6/Cy2lbNdPlZBpuQHXE63gA==

lodash@^4.17.13, lodash@^4.17.19:
  version "4.17.19"
  resolved "https://registry.yarnpkg.com/lodash/-/lodash-4.17.19.tgz#e48ddedbe30b3321783c5b4301fbd353bc1e4a4b"
  integrity sha512-JNvd8XER9GQX0v2qJgsaN/mzFCNA5BRe/j8JN9d+tWyGLSodKQHKFicdwNYzWwI3wjRnaKPsGj1XkBjx/F96DQ==

source-map@^0.5.0:
  version "0.5.7"
  resolved "https://registry.yarnpkg.com/source-map/-/source-map-0.5.7.tgz#8a039d2d1021d22d1ea14c80d8ea468ba2ef3fcc"
  integrity sha1-igOdLRAh0i0eoUyA2OpGi6LvP8w=

to-fast-properties@^2.0.0:
  version "2.0.0"
  resolved "https://registry.yarnpkg.com/to-fast-properties/-/to-fast-properties-2.0.0.tgz#dc5e698cbd079265bc73e0377681a4e4e83f616e"
  integrity sha1-3F5pjL0HkmW8c+A3doGk5Og/YW4=
