# THIS IS AN AUTOGENERATED FILE. DO NOT EDIT THIS FILE DIRECTLY.
# yarn lockfile v1


"@babel/generator@^7.0.0":
  version "7.9.5"
  resolved "https://registry.yarnpkg.com/@babel/generator/-/generator-7.9.5.tgz#27f0917741acc41e6eaaced6d68f96c3fa9afaf9"
  integrity sha512-GbNIxVB3ZJe3tLeDm1HSn2AhuD/mVcyLDpgtLXa5tplmWrJdF/elxB56XNqCuD6szyNkDi6wuoKXln3QeBmCHQ==
  dependencies:
    "@babel/types" "^7.9.5"
    jsesc "^2.5.1"
    lodash "^4.17.13"
    source-map "^0.5.0"

"@babel/helper-module-imports@^7.8.3":
  version "7.13.12"
  resolved "https://registry.yarnpkg.com/@babel/helper-module-imports/-/helper-module-imports-7.13.12.tgz#c6a369a6f3621cb25da014078684da9196b61977"
  integrity sha512-4cVvR2/1B693IuOvSI20xqqa/+bl7lqAMR59R4iu39R9aOX8/JoYY1sFaNvUMyMBGnHdwvJgUrzNLoUZxXypxA==
  dependencies:
    "@babel/types" "^7.13.12"

"@babel/helper-validator-identifier@^7.14.0":
  version "7.14.0"
  resolved "https://registry.yarnpkg.com/@babel/helper-validator-identifier/-/helper-validator-identifier-7.14.0.tgz#d26cad8a47c65286b15df1547319a5d0bcf27288"
  integrity sha512-V3ts7zMSu5lfiwWDVWzRDGIN+lnCEUdaXgtVHJgLb1rGaA6jMrtB9EmE7L18foXJIE8Un/A/h6NJfGQp/e1J4A==

"@babel/helper-validator-identifier@^7.9.5":
  version "7.9.5"
  resolved "https://registry.yarnpkg.com/@babel/helper-validator-identifier/-/helper-validator-identifier-7.9.5.tgz#90977a8e6fbf6b431a7dc31752eee233bf052d80"
  integrity sha512-/8arLKUFq882w4tWGj9JYzRpAlZgiWUJ+dtteNTDqrRBz9Iguck9Rn3ykuBDoUwh2TO4tSAJlrxDUOXWklJe4g==

"@babel/types@^7.13.12":
  version "7.14.1"
  resolved "https://registry.yarnpkg.com/@babel/types/-/types-7.14.1.tgz#095bd12f1c08ab63eff6e8f7745fa7c9cc15a9db"
  integrity sha512-S13Qe85fzLs3gYRUnrpyeIrBJIMYv33qSTg1qoBwiG6nPKwUWAD9odSzWhEedpwOIzSEI6gbdQIWEMiCI42iBA==
  dependencies:
    "@babel/helper-validator-identifier" "^7.14.0"
    to-fast-properties "^2.0.0"

"@babel/types@^7.9.5":
  version "7.9.5"
  resolved "https://registry.yarnpkg.com/@babel/types/-/types-7.9.5.tgz#89231f82915a8a566a703b3b20133f73da6b9444"
  integrity sha512-XjnvNqenk818r5zMaba+sLQjnbda31UfUURv3ei0qPQw4u+j2jMyJ5b11y8ZHYTRSI3NnInQkkkRT4fLqqPdHg==
  dependencies:
    "@babel/helper-validator-identifier" "^7.9.5"
    lodash "^4.17.13"
    to-fast-properties "^2.0.0"

fp-ts-contrib@^0.1.15:
  version "0.1.23"
  resolved "https://registry.yarnpkg.com/fp-ts-contrib/-/fp-ts-contrib-0.1.23.tgz#6c976c962379ebb59b9d76bb29f8dd72a5c4dedb"
  integrity sha512-JxGepm8R5N2+7rkolecYRnCfN+aKppNbdPnPURI5D7XwY2juSaTgtXNIu1SKJiHrpWON3tEP1TpnTP0mdyu3pw==

fp-ts@^2.5.3:
  version "2.5.3"
  resolved "https://registry.yarnpkg.com/fp-ts/-/fp-ts-2.5.3.tgz#7f09cc7f3e09623c6ade303d98a2cccdb2cc861f"
  integrity sha512-lQd+hahLd8cygNoXbEHDjH/cbF6XVWlEPb8h5GXXlozjCSDxWgclvkpOoTRfBA0P+r69l9VvW1nEsSGIJRQpWw==

jsesc@^2.5.1:
  version "2.5.2"
  resolved "https://registry.yarnpkg.com/jsesc/-/jsesc-2.5.2.tgz#80564d2e483dacf6e8ef209650a67df3f0c283a4"
  integrity sha512-OYu7XEzjkCQ3C5Ps3QIZsQfNpqoJyZZA99wd9aWd05NCtC5pWOkShK2mkL6HXQR6/Cy2lbNdPlZBpuQHXE63gA==

lodash@^4.17.13:
  version "4.17.21"
  resolved "https://registry.yarnpkg.com/lodash/-/lodash-4.17.21.tgz#679591c564c3bffaae8454cf0b3df370c3d6911c"
  integrity sha512-v2kDEe57lecTulaDIuNTPy3Ry4gLGJ6Z1O3vE1krgXZNrsQ+LFTGHVxVjcXPs17LhbZVGedAJv8XZ1tvj5FvSg==

source-map@^0.5.0:
  version "0.5.7"
  resolved "https://registry.yarnpkg.com/source-map/-/source-map-0.5.7.tgz#8a039d2d1021d22d1ea14c80d8ea468ba2ef3fcc"
  integrity sha1-igOdLRAh0i0eoUyA2OpGi6LvP8w=

to-fast-properties@^2.0.0:
  version "2.0.0"
  resolved "https://registry.yarnpkg.com/to-fast-properties/-/to-fast-properties-2.0.0.tgz#dc5e698cbd079265bc73e0377681a4e4e83f616e"
  integrity sha1-3F5pjL0HkmW8c+A3doGk5Og/YW4=
